
Microsoft Visual Studio Solution File, Format Version 12.00
# Visual Studio Version 17
VisualStudioVersion = 17.5.002.0
MinimumVisualStudioVersion = 10.0.40219.1
Project("{9A19103F-16F7-4668-BE54-9A1E7A4F7556}") = "TabbedSelectionIssue", "TabbedSelectionIssue.csproj", "{4171CD94-BE3B-48E5-893A-6F41B915148C}"
EndProject
Global
	GlobalSection(SolutionConfigurationPlatforms) = preSolution
		Debug|Any CPU = Debug|Any CPU
		Release|Any CPU = Release|Any CPU
	EndGlobalSection
	GlobalSection(ProjectConfigurationPlatforms) = postSolution
		{4171CD94-BE3B-48E5-893A-6F41B915148C}.Debug|Any CPU.ActiveCfg = Debug|Any CPU
		{4171CD94-BE3B-48E5-893A-6F41B915148C}.Debug|Any CPU.Build.0 = Debug|Any CPU
		{4171CD94-BE3B-48E5-893A-6F41B915148C}.Release|Any CPU.ActiveCfg = Release|Any CPU
		{4171CD94-BE3B-48E5-893A-6F41B915148C}.Release|Any CPU.Build.0 = Release|Any CPU
	EndGlobalSection
	GlobalSection(SolutionProperties) = preSolution
		HideSolutionNode = FALSE
	EndGlobalSection
	GlobalSection(ExtensibilityGlobals) = postSolution
		SolutionGuid = {E729605C-14E6-4CC1-ACA4-3CCEAED41B55}
	EndGlobalSection
EndGlobal
